
Microsoft Visual Studio Solution File, Format Version 12.00
# Visual Studio Version 16
VisualStudioVersion = 16.0.29728.190
MinimumVisualStudioVersion = 10.0.40219.1
Project("{9A19103F-16F7-4668-BE54-9A1E7A4F7556}") = "Lobster.Server", "Lobster.Server\Lobster.Server.csproj", "{73D344C0-6ADE-410E-8CE9-47501E81E693}"
EndProject
Project("{9A19103F-16F7-4668-BE54-9A1E7A4F7556}") = "Lobster.Data", "Lobster.Data\Lobster.Data.csproj", "{34E8F9A7-F66B-4EB8-9FB4-52B6C9E697EB}"
EndProject
Project("{9A19103F-16F7-4668-BE54-9A1E7A4F7556}") = "Lobster.Web", "Lobster.Web\Lobster.Web.csproj", "{B52488C2-A8C9-4208-9E3B-5FBAE4DCC2CD}"
EndProject
Project("{9A19103F-16F7-4668-BE54-9A1E7A4F7556}") = "Lobster.Server.Services", "Lobster.Server.Services\Lobster.Server.Services.csproj", "{71FDFA2D-30E4-4F8D-9E0F-0D92DFB4A10F}"
EndProject
Project("{9A19103F-16F7-4668-BE54-9A1E7A4F7556}") = "Lobster.Server.Services.Test", "Lobster.Server.Services.Test\Lobster.Server.Services.Test.csproj", "{CCB4DCB8-1B28-4826-9B8E-AE114F38C423}"
EndProject
Project("{9A19103F-16F7-4668-BE54-9A1E7A4F7556}") = "Lobster.Client.Services", "Lobster.Client.Services\Lobster.Client.Services.csproj", "{C0A5FF8D-D922-426D-8D3A-C69332EBA427}"
EndProject
Project("{FAE04EC0-301F-11D3-BF4B-00C04F79EFBC}") = "Lobster.Core", "Lobster.Core\Lobster.Core.csproj", "{35FE9414-0137-4262-B51D-8DBA88783E47}"
EndProject
Global
	GlobalSection(SolutionConfigurationPlatforms) = preSolution
		Debug|Any CPU = Debug|Any CPU
		Release|Any CPU = Release|Any CPU
	EndGlobalSection
	GlobalSection(ProjectConfigurationPlatforms) = postSolution
		{73D344C0-6ADE-410E-8CE9-47501E81E693}.Debug|Any CPU.ActiveCfg = Debug|Any CPU
		{73D344C0-6ADE-410E-8CE9-47501E81E693}.Debug|Any CPU.Build.0 = Debug|Any CPU
		{73D344C0-6ADE-410E-8CE9-47501E81E693}.Release|Any CPU.ActiveCfg = Release|Any CPU
		{73D344C0-6ADE-410E-8CE9-47501E81E693}.Release|Any CPU.Build.0 = Release|Any CPU
		{34E8F9A7-F66B-4EB8-9FB4-52B6C9E697EB}.Debug|Any CPU.ActiveCfg = Debug|Any CPU
		{34E8F9A7-F66B-4EB8-9FB4-52B6C9E697EB}.Debug|Any CPU.Build.0 = Debug|Any CPU
		{34E8F9A7-F66B-4EB8-9FB4-52B6C9E697EB}.Release|Any CPU.ActiveCfg = Release|Any CPU
		{34E8F9A7-F66B-4EB8-9FB4-52B6C9E697EB}.Release|Any CPU.Build.0 = Release|Any CPU
		{B52488C2-A8C9-4208-9E3B-5FBAE4DCC2CD}.Debug|Any CPU.ActiveCfg = Debug|Any CPU
		{B52488C2-A8C9-4208-9E3B-5FBAE4DCC2CD}.Debug|Any CPU.Build.0 = Debug|Any CPU
		{B52488C2-A8C9-4208-9E3B-5FBAE4DCC2CD}.Release|Any CPU.ActiveCfg = Release|Any CPU
		{B52488C2-A8C9-4208-9E3B-5FBAE4DCC2CD}.Release|Any CPU.Build.0 = Release|Any CPU
		{71FDFA2D-30E4-4F8D-9E0F-0D92DFB4A10F}.Debug|Any CPU.ActiveCfg = Debug|Any CPU
		{71FDFA2D-30E4-4F8D-9E0F-0D92DFB4A10F}.Debug|Any CPU.Build.0 = Debug|Any CPU
		{71FDFA2D-30E4-4F8D-9E0F-0D92DFB4A10F}.Release|Any CPU.ActiveCfg = Release|Any CPU
		{71FDFA2D-30E4-4F8D-9E0F-0D92DFB4A10F}.Release|Any CPU.Build.0 = Release|Any CPU
		{CCB4DCB8-1B28-4826-9B8E-AE114F38C423}.Debug|Any CPU.ActiveCfg = Debug|Any CPU
		{CCB4DCB8-1B28-4826-9B8E-AE114F38C423}.Debug|Any CPU.Build.0 = Debug|Any CPU
		{CCB4DCB8-1B28-4826-9B8E-AE114F38C423}.Release|Any CPU.ActiveCfg = Release|Any CPU
		{CCB4DCB8-1B28-4826-9B8E-AE114F38C423}.Release|Any CPU.Build.0 = Release|Any CPU
		{C0A5FF8D-D922-426D-8D3A-C69332EBA427}.Debug|Any CPU.ActiveCfg = Debug|Any CPU
		{C0A5FF8D-D922-426D-8D3A-C69332EBA427}.Debug|Any CPU.Build.0 = Debug|Any CPU
		{C0A5FF8D-D922-426D-8D3A-C69332EBA427}.Release|Any CPU.ActiveCfg = Release|Any CPU
		{C0A5FF8D-D922-426D-8D3A-C69332EBA427}.Release|Any CPU.Build.0 = Release|Any CPU
		{35FE9414-0137-4262-B51D-8DBA88783E47}.Debug|Any CPU.ActiveCfg = Debug|Any CPU
		{35FE9414-0137-4262-B51D-8DBA88783E47}.Debug|Any CPU.Build.0 = Debug|Any CPU
		{35FE9414-0137-4262-B51D-8DBA88783E47}.Release|Any CPU.ActiveCfg = Release|Any CPU
		{35FE9414-0137-4262-B51D-8DBA88783E47}.Release|Any CPU.Build.0 = Release|Any CPU
	EndGlobalSection
	GlobalSection(SolutionProperties) = preSolution
		HideSolutionNode = FALSE
	EndGlobalSection
	GlobalSection(ExtensibilityGlobals) = postSolution
		SolutionGuid = {16CF356D-0C00-46C6-88F2-19B363EA6EB8}
	EndGlobalSection
EndGlobal
